// !$*UTF8*$!
{
	archiveVersion = 1;
	classes = {
	};
	objectVersion = 51;
	objects = {

/* Begin PBXBuildFile section */
		0B117BA750170C0A161C396F /* MainViewController.swift in Sources */ = {isa = PBXBuildFile; fileRef = 976F71CFF2DE49FB3E4ACF73 /* MainViewController.swift */; };
		2A7AC21EDB72AC5B7FD5A618 /* Pods_StayHomeTests.framework in Frameworks */ = {isa = PBXBuildFile; fileRef = F8E829BC1ECC9E2B2F8B3E8B /* Pods_StayHomeTests.framework */; };
		87EB4F241787ABE2E4EA2961 /* AppDelegate.swift in Sources */ = {isa = PBXBuildFile; fileRef = 883F47205B349A0A0FF1206F /* AppDelegate.swift */; };
		9605F6A8D6C9A6A20B10B1A2 /* BaseViewController.swift in Sources */ = {isa = PBXBuildFile; fileRef = E3112D121721F8FB07D10E58 /* BaseViewController.swift */; };
		B0CE45F14FD77416207EE120 /* StayHomeTests.swift in Sources */ = {isa = PBXBuildFile; fileRef = 9699CB280B6141F004E703A9 /* StayHomeTests.swift */; };
		BA5AA1BC1C3009A33859EE9F /* Logger.swift in Sources */ = {isa = PBXBuildFile; fileRef = 11BF15E5B905827BBBB29DB0 /* Logger.swift */; };
		C274869346ACAE63C8CBD07E /* SceneDelegate.swift in Sources */ = {isa = PBXBuildFile; fileRef = 0F03356F4F38F8159BC6D672 /* SceneDelegate.swift */; };
		CE0D2C67D479F5DAA6D05A9F /* LaunchScreen.storyboard in Resources */ = {isa = PBXBuildFile; fileRef = 25678B48A41B8970E4C3F141 /* LaunchScreen.storyboard */; };
		DBD2E2D33EF62524DC3CA49E /* Pods_StayHome.framework in Frameworks */ = {isa = PBXBuildFile; fileRef = C72A0B76F8E6B793548D6EA8 /* Pods_StayHome.framework */; };
		E288D464DB3745D01A73EC35 /* Assets.xcassets in Resources */ = {isa = PBXBuildFile; fileRef = 6C3D7C2EB5430268111268A8 /* Assets.xcassets */; };
/* End PBXBuildFile section */

/* Begin PBXContainerItemProxy section */
		47B9927C6E259A5558F0B2F0 /* PBXContainerItemProxy */ = {
			isa = PBXContainerItemProxy;
			containerPortal = 174BD2141F861522C295CDB7 /* Project object */;
			proxyType = 1;
			remoteGlobalIDString = B0D1C5DEBAD58212AE02F433;
			remoteInfo = StayHome;
		};
/* End PBXContainerItemProxy section */

/* Begin PBXFileReference section */
		0F03356F4F38F8159BC6D672 /* SceneDelegate.swift */ = {isa = PBXFileReference; lastKnownFileType = sourcecode.swift; path = SceneDelegate.swift; sourceTree = "<group>"; };
		11BF15E5B905827BBBB29DB0 /* Logger.swift */ = {isa = PBXFileReference; lastKnownFileType = sourcecode.swift; path = Logger.swift; sourceTree = "<group>"; };
		412AF7E9BEDB98E62FA7DEF1 /* Base */ = {isa = PBXFileReference; lastKnownFileType = file.storyboard; name = Base; path = Base.lproj/LaunchScreen.storyboard; sourceTree = "<group>"; };
		464BDD4C81569A0A73E29E65 /* Info.plist */ = {isa = PBXFileReference; lastKnownFileType = text.plist; path = Info.plist; sourceTree = "<group>"; };
		573DCC125FC386616231AD98 /* Info.plist */ = {isa = PBXFileReference; lastKnownFileType = text.plist; path = Info.plist; sourceTree = "<group>"; };
		6C3D7C2EB5430268111268A8 /* Assets.xcassets */ = {isa = PBXFileReference; lastKnownFileType = folder.assetcatalog; path = Assets.xcassets; sourceTree = "<group>"; };
		6F351FBA9F46B4622FE8CE5F /* StayHomeTests.xctest */ = {isa = PBXFileReference; includeInIndex = 0; lastKnownFileType = wrapper.cfbundle; path = StayHomeTests.xctest; sourceTree = BUILT_PRODUCTS_DIR; };
		6F627AFD921F3898315632E1 /* Pods-StayHome.release.xcconfig */ = {isa = PBXFileReference; includeInIndex = 1; lastKnownFileType = text.xcconfig; name = "Pods-StayHome.release.xcconfig"; path = "Target Support Files/Pods-StayHome/Pods-StayHome.release.xcconfig"; sourceTree = "<group>"; };
		883F47205B349A0A0FF1206F /* AppDelegate.swift */ = {isa = PBXFileReference; lastKnownFileType = sourcecode.swift; path = AppDelegate.swift; sourceTree = "<group>"; };
		936A0EAD73E1549E4298614B /* StayHome.app */ = {isa = PBXFileReference; includeInIndex = 0; lastKnownFileType = wrapper.application; path = StayHome.app; sourceTree = BUILT_PRODUCTS_DIR; };
		9699CB280B6141F004E703A9 /* StayHomeTests.swift */ = {isa = PBXFileReference; lastKnownFileType = sourcecode.swift; path = StayHomeTests.swift; sourceTree = "<group>"; };
		976F71CFF2DE49FB3E4ACF73 /* MainViewController.swift */ = {isa = PBXFileReference; lastKnownFileType = sourcecode.swift; path = MainViewController.swift; sourceTree = "<group>"; };
		9F06835A966E824526977E7A /* Pods-StayHomeTests.debug.xcconfig */ = {isa = PBXFileReference; includeInIndex = 1; lastKnownFileType = text.xcconfig; name = "Pods-StayHomeTests.debug.xcconfig"; path = "Target Support Files/Pods-StayHomeTests/Pods-StayHomeTests.debug.xcconfig"; sourceTree = "<group>"; };
		A9DC5BC07D2621D7A14896E9 /* Pods-StayHome.debug.xcconfig */ = {isa = PBXFileReference; includeInIndex = 1; lastKnownFileType = text.xcconfig; name = "Pods-StayHome.debug.xcconfig"; path = "Target Support Files/Pods-StayHome/Pods-StayHome.debug.xcconfig"; sourceTree = "<group>"; };
		C72A0B76F8E6B793548D6EA8 /* Pods_StayHome.framework */ = {isa = PBXFileReference; explicitFileType = wrapper.framework; includeInIndex = 0; path = Pods_StayHome.framework; sourceTree = BUILT_PRODUCTS_DIR; };
		D221A02DC8202510CE66D3F8 /* Pods-StayHomeTests.release.xcconfig */ = {isa = PBXFileReference; includeInIndex = 1; lastKnownFileType = text.xcconfig; name = "Pods-StayHomeTests.release.xcconfig"; path = "Target Support Files/Pods-StayHomeTests/Pods-StayHomeTests.release.xcconfig"; sourceTree = "<group>"; };
		E3112D121721F8FB07D10E58 /* BaseViewController.swift */ = {isa = PBXFileReference; lastKnownFileType = sourcecode.swift; path = BaseViewController.swift; sourceTree = "<group>"; };
		F8E829BC1ECC9E2B2F8B3E8B /* Pods_StayHomeTests.framework */ = {isa = PBXFileReference; explicitFileType = wrapper.framework; includeInIndex = 0; path = Pods_StayHomeTests.framework; sourceTree = BUILT_PRODUCTS_DIR; };
/* End PBXFileReference section */

/* Begin PBXFrameworksBuildPhase section */
		4246E3C27991167E6737AF00 /* Frameworks */ = {
			isa = PBXFrameworksBuildPhase;
			buildActionMask = 2147483647;
			files = (
				2A7AC21EDB72AC5B7FD5A618 /* Pods_StayHomeTests.framework in Frameworks */,
			);
			runOnlyForDeploymentPostprocessing = 0;
		};
		5E9C181EA1756E3B38046591 /* Frameworks */ = {
			isa = PBXFrameworksBuildPhase;
			buildActionMask = 2147483647;
			files = (
				DBD2E2D33EF62524DC3CA49E /* Pods_StayHome.framework in Frameworks */,
			);
			runOnlyForDeploymentPostprocessing = 0;
		};
/* End PBXFrameworksBuildPhase section */

/* Begin PBXGroup section */
		29F391A8971FF09E379296F9 /* Main */ = {
			isa = PBXGroup;
			children = (
				976F71CFF2DE49FB3E4ACF73 /* MainViewController.swift */,
			);
			path = Main;
			sourceTree = "<group>";
		};
		51875210A0C6EFB707E89644 /* Domain */ = {
			isa = PBXGroup;
			children = (
				29F391A8971FF09E379296F9 /* Main */,
			);
			path = Domain;
			sourceTree = "<group>";
		};
		6693F5F3A4ADB58AB18926E7 /* Frameworks */ = {
			isa = PBXGroup;
			children = (
				C72A0B76F8E6B793548D6EA8 /* Pods_StayHome.framework */,
				F8E829BC1ECC9E2B2F8B3E8B /* Pods_StayHomeTests.framework */,
			);
			name = Frameworks;
			sourceTree = "<group>";
		};
		6A847F2576C72C9CFE4CC122 /* Sources */ = {
			isa = PBXGroup;
			children = (
				883F47205B349A0A0FF1206F /* AppDelegate.swift */,
				0F03356F4F38F8159BC6D672 /* SceneDelegate.swift */,
				51875210A0C6EFB707E89644 /* Domain */,
				9D117DDFE6A3AB65196D0A43 /* Utils */,
			);
			path = Sources;
			sourceTree = "<group>";
		};
		97E49F4F37C03A3E2FC9C103 = {
			isa = PBXGroup;
			children = (
				DE50FBBAC8820A3A34781F77 /* StayHome */,
				ACF74BFB89A0266C81A355A6 /* StayHomeTests */,
				E9C4C92251092D2EC82EA566 /* Products */,
				A781A28E4450C9A4D1F6F64C /* Pods */,
				6693F5F3A4ADB58AB18926E7 /* Frameworks */,
			);
			indentWidth = 2;
			sourceTree = "<group>";
			tabWidth = 2;
		};
		9D117DDFE6A3AB65196D0A43 /* Utils */ = {
			isa = PBXGroup;
			children = (
				E3112D121721F8FB07D10E58 /* BaseViewController.swift */,
				11BF15E5B905827BBBB29DB0 /* Logger.swift */,
			);
			path = Utils;
			sourceTree = "<group>";
		};
		A781A28E4450C9A4D1F6F64C /* Pods */ = {
			isa = PBXGroup;
			children = (
				A9DC5BC07D2621D7A14896E9 /* Pods-StayHome.debug.xcconfig */,
				6F627AFD921F3898315632E1 /* Pods-StayHome.release.xcconfig */,
				9F06835A966E824526977E7A /* Pods-StayHomeTests.debug.xcconfig */,
				D221A02DC8202510CE66D3F8 /* Pods-StayHomeTests.release.xcconfig */,
			);
			name = Pods;
			path = Pods;
			sourceTree = "<group>";
		};
		ACF74BFB89A0266C81A355A6 /* StayHomeTests */ = {
			isa = PBXGroup;
			children = (
				573DCC125FC386616231AD98 /* Info.plist */,
				9699CB280B6141F004E703A9 /* StayHomeTests.swift */,
			);
			path = StayHomeTests;
			sourceTree = "<group>";
		};
		AED0151D955C3F0D49F6C088 /* Supporting Files */ = {
			isa = PBXGroup;
			children = (
				464BDD4C81569A0A73E29E65 /* Info.plist */,
			);
			path = "Supporting Files";
			sourceTree = "<group>";
		};
		BF9E9AF51D2EDA5FF4F18571 /* Resources */ = {
			isa = PBXGroup;
			children = (
				6C3D7C2EB5430268111268A8 /* Assets.xcassets */,
				25678B48A41B8970E4C3F141 /* LaunchScreen.storyboard */,
			);
			path = Resources;
			sourceTree = "<group>";
		};
		DE50FBBAC8820A3A34781F77 /* StayHome */ = {
			isa = PBXGroup;
			children = (
				BF9E9AF51D2EDA5FF4F18571 /* Resources */,
				6A847F2576C72C9CFE4CC122 /* Sources */,
				AED0151D955C3F0D49F6C088 /* Supporting Files */,
			);
			path = StayHome;
			sourceTree = "<group>";
		};
		E9C4C92251092D2EC82EA566 /* Products */ = {
			isa = PBXGroup;
			children = (
				936A0EAD73E1549E4298614B /* StayHome.app */,
				6F351FBA9F46B4622FE8CE5F /* StayHomeTests.xctest */,
			);
			name = Products;
			sourceTree = "<group>";
		};
/* End PBXGroup section */

/* Begin PBXNativeTarget section */
		80361660703B918843774DA9 /* StayHomeTests */ = {
			isa = PBXNativeTarget;
			buildConfigurationList = 869F4213543AF01FBDC4A689 /* Build configuration list for PBXNativeTarget "StayHomeTests" */;
			buildPhases = (
				161F47CAC6008C7A0605D042 /* [CP] Check Pods Manifest.lock */,
				8CD26B85C6958EC955C06E45 /* Sources */,
				4246E3C27991167E6737AF00 /* Frameworks */,
				9BFCAB8B6A55A0638897754B /* [CP] Embed Pods Frameworks */,
			);
			buildRules = (
			);
			dependencies = (
				EB2786E099460A6DF42A3623 /* PBXTargetDependency */,
			);
			name = StayHomeTests;
			productName = StayHomeTests;
			productReference = 6F351FBA9F46B4622FE8CE5F /* StayHomeTests.xctest */;
			productType = "com.apple.product-type.bundle.unit-test";
		};
		B0D1C5DEBAD58212AE02F433 /* StayHome */ = {
			isa = PBXNativeTarget;
			buildConfigurationList = 27F00F0FAE306655ADA74453 /* Build configuration list for PBXNativeTarget "StayHome" */;
			buildPhases = (
				CA00C84B90ABF6C7E52A0E61 /* [CP] Check Pods Manifest.lock */,
				E9EF4C3FAFB954BFDBFE91ED /* SwiftLint */,
				D5FF6B0D4AF23BBF3DD65595 /* Sources */,
				758EC6F21F9C6077C4993A1C /* Resources */,
				5E9C181EA1756E3B38046591 /* Frameworks */,
				5DFE1403D185468B97F634DB /* [CP] Embed Pods Frameworks */,
			);
			buildRules = (
			);
			dependencies = (
			);
			name = StayHome;
			productName = StayHome;
			productReference = 936A0EAD73E1549E4298614B /* StayHome.app */;
			productType = "com.apple.product-type.application";
		};
/* End PBXNativeTarget section */

/* Begin PBXProject section */
		174BD2141F861522C295CDB7 /* Project object */ = {
			isa = PBXProject;
			attributes = {
				LastUpgradeCheck = 1020;
				TargetAttributes = {
				};
			};
			buildConfigurationList = E060562C18BD153985600CD3 /* Build configuration list for PBXProject "StayHome" */;
			compatibilityVersion = "Xcode 10.0";
			developmentRegion = en;
			hasScannedForEncodings = 0;
			knownRegions = (
				Base,
			);
			mainGroup = 97E49F4F37C03A3E2FC9C103;
			productRefGroup = E9C4C92251092D2EC82EA566 /* Products */;
			projectDirPath = "";
			projectRoot = "";
			targets = (
				B0D1C5DEBAD58212AE02F433 /* StayHome */,
				80361660703B918843774DA9 /* StayHomeTests */,
			);
		};
/* End PBXProject section */

/* Begin PBXResourcesBuildPhase section */
		758EC6F21F9C6077C4993A1C /* Resources */ = {
			isa = PBXResourcesBuildPhase;
			buildActionMask = 2147483647;
			files = (
				E288D464DB3745D01A73EC35 /* Assets.xcassets in Resources */,
				CE0D2C67D479F5DAA6D05A9F /* LaunchScreen.storyboard in Resources */,
			);
			runOnlyForDeploymentPostprocessing = 0;
		};
/* End PBXResourcesBuildPhase section */

/* Begin PBXShellScriptBuildPhase section */
		161F47CAC6008C7A0605D042 /* [CP] Check Pods Manifest.lock */ = {
			isa = PBXShellScriptBuildPhase;
			buildActionMask = 2147483647;
			files = (
			);
			inputFileListPaths = (
			);
			inputPaths = (
				"${PODS_PODFILE_DIR_PATH}/Podfile.lock",
				"${PODS_ROOT}/Manifest.lock",
			);
			name = "[CP] Check Pods Manifest.lock";
			outputFileListPaths = (
			);
			outputPaths = (
				"$(DERIVED_FILE_DIR)/Pods-StayHomeTests-checkManifestLockResult.txt",
			);
			runOnlyForDeploymentPostprocessing = 0;
			shellPath = /bin/sh;
			shellScript = "diff \"${PODS_PODFILE_DIR_PATH}/Podfile.lock\" \"${PODS_ROOT}/Manifest.lock\" > /dev/null\nif [ $? != 0 ] ; then\n    # print error to STDERR\n    echo \"error: The sandbox is not in sync with the Podfile.lock. Run 'pod install' or update your CocoaPods installation.\" >&2\n    exit 1\nfi\n# This output is used by Xcode 'outputs' to avoid re-running this script phase.\necho \"SUCCESS\" > \"${SCRIPT_OUTPUT_FILE_0}\"\n";
			showEnvVarsInLog = 0;
		};
		5DFE1403D185468B97F634DB /* [CP] Embed Pods Frameworks */ = {
			isa = PBXShellScriptBuildPhase;
			buildActionMask = 2147483647;
			files = (
			);
			inputFileListPaths = (
			);
			name = "[CP] Embed Pods Frameworks";
			outputFileListPaths = (
			);
			runOnlyForDeploymentPostprocessing = 0;
			shellPath = /bin/sh;
			shellScript = "\"${PODS_ROOT}/Target Support Files/Pods-StayHome/Pods-StayHome-frameworks.sh\"\n";
			showEnvVarsInLog = 0;
		};
		9BFCAB8B6A55A0638897754B /* [CP] Embed Pods Frameworks */ = {
			isa = PBXShellScriptBuildPhase;
			buildActionMask = 2147483647;
			files = (
			);
			inputFileListPaths = (
			);
			name = "[CP] Embed Pods Frameworks";
			outputFileListPaths = (
			);
			runOnlyForDeploymentPostprocessing = 0;
			shellPath = /bin/sh;
			shellScript = "\"${PODS_ROOT}/Target Support Files/Pods-StayHomeTests/Pods-StayHomeTests-frameworks.sh\"\n";
			showEnvVarsInLog = 0;
		};
		CA00C84B90ABF6C7E52A0E61 /* [CP] Check Pods Manifest.lock */ = {
			isa = PBXShellScriptBuildPhase;
			buildActionMask = 2147483647;
			files = (
			);
			inputFileListPaths = (
			);
			inputPaths = (
				"${PODS_PODFILE_DIR_PATH}/Podfile.lock",
				"${PODS_ROOT}/Manifest.lock",
			);
			name = "[CP] Check Pods Manifest.lock";
			outputFileListPaths = (
			);
			outputPaths = (
				"$(DERIVED_FILE_DIR)/Pods-StayHome-checkManifestLockResult.txt",
			);
			runOnlyForDeploymentPostprocessing = 0;
			shellPath = /bin/sh;
			shellScript = "diff \"${PODS_PODFILE_DIR_PATH}/Podfile.lock\" \"${PODS_ROOT}/Manifest.lock\" > /dev/null\nif [ $? != 0 ] ; then\n    # print error to STDERR\n    echo \"error: The sandbox is not in sync with the Podfile.lock. Run 'pod install' or update your CocoaPods installation.\" >&2\n    exit 1\nfi\n# This output is used by Xcode 'outputs' to avoid re-running this script phase.\necho \"SUCCESS\" > \"${SCRIPT_OUTPUT_FILE_0}\"\n";
			showEnvVarsInLog = 0;
		};
		E9EF4C3FAFB954BFDBFE91ED /* SwiftLint */ = {
			isa = PBXShellScriptBuildPhase;
			buildActionMask = 2147483647;
			files = (
			);
			inputFileListPaths = (
			);
			inputPaths = (
			);
			name = SwiftLint;
			outputFileListPaths = (
			);
			outputPaths = (
			);
			runOnlyForDeploymentPostprocessing = 0;
			shellPath = /bin/sh;
			shellScript = "${PODS_ROOT}/SwiftLint/swiftlint --config .swiftlint.yml\n";
		};
/* End PBXShellScriptBuildPhase section */

/* Begin PBXSourcesBuildPhase section */
		8CD26B85C6958EC955C06E45 /* Sources */ = {
			isa = PBXSourcesBuildPhase;
			buildActionMask = 2147483647;
			files = (
				B0CE45F14FD77416207EE120 /* StayHomeTests.swift in Sources */,
			);
			runOnlyForDeploymentPostprocessing = 0;
		};
		D5FF6B0D4AF23BBF3DD65595 /* Sources */ = {
			isa = PBXSourcesBuildPhase;
			buildActionMask = 2147483647;
			files = (
				87EB4F241787ABE2E4EA2961 /* AppDelegate.swift in Sources */,
				9605F6A8D6C9A6A20B10B1A2 /* BaseViewController.swift in Sources */,
				BA5AA1BC1C3009A33859EE9F /* Logger.swift in Sources */,
				0B117BA750170C0A161C396F /* MainViewController.swift in Sources */,
				C274869346ACAE63C8CBD07E /* SceneDelegate.swift in Sources */,
			);
			runOnlyForDeploymentPostprocessing = 0;
		};
/* End PBXSourcesBuildPhase section */

/* Begin PBXTargetDependency section */
		EB2786E099460A6DF42A3623 /* PBXTargetDependency */ = {
			isa = PBXTargetDependency;
			target = B0D1C5DEBAD58212AE02F433 /* StayHome */;
			targetProxy = 47B9927C6E259A5558F0B2F0 /* PBXContainerItemProxy */;
		};
/* End PBXTargetDependency section */

/* Begin PBXVariantGroup section */
		25678B48A41B8970E4C3F141 /* LaunchScreen.storyboard */ = {
			isa = PBXVariantGroup;
			children = (
				412AF7E9BEDB98E62FA7DEF1 /* Base */,
			);
			name = LaunchScreen.storyboard;
			sourceTree = "<group>";
		};
/* End PBXVariantGroup section */

/* Begin XCBuildConfiguration section */
		04928E2EE56DF27DED8A234E /* Debug */ = {
			isa = XCBuildConfiguration;
			baseConfigurationReference = A9DC5BC07D2621D7A14896E9 /* Pods-StayHome.debug.xcconfig */;
			buildSettings = {
				ASSETCATALOG_COMPILER_APPICON_NAME = AppIcon;
				CODE_SIGN_IDENTITY = "iPhone Developer";
				INFOPLIST_FILE = "StayHome/Supporting Files/Info.plist";
				IPHONEOS_DEPLOYMENT_TARGET = 13.0;
				LD_RUNPATH_SEARCH_PATHS = (
					"$(inherited)",
					"@executable_path/Frameworks",
				);
				OTHER_LDFLAGS = (
					"$(inherited)",
					"-all_load",
				);
				PRODUCT_BUNDLE_IDENTIFIER = kr.co.gunter.StayHome;
				SDKROOT = iphoneos;
				TARGETED_DEVICE_FAMILY = "1,2";
			};
			name = Debug;
		};
		2EDA5E5A4A5FE71DF4A6BF05 /* Release */ = {
			isa = XCBuildConfiguration;
			buildSettings = {
				ALWAYS_SEARCH_USER_PATHS = NO;
				CLANG_ANALYZER_NONNULL = YES;
				CLANG_ANALYZER_NUMBER_OBJECT_CONVERSION = YES_AGGRESSIVE;
				CLANG_CXX_LANGUAGE_STANDARD = "gnu++14";
				CLANG_CXX_LIBRARY = "libc++";
				CLANG_ENABLE_MODULES = YES;
				CLANG_ENABLE_OBJC_ARC = YES;
				CLANG_WARN_BLOCK_CAPTURE_AUTORELEASING = YES;
				CLANG_WARN_BOOL_CONVERSION = YES;
				CLANG_WARN_COMMA = YES;
				CLANG_WARN_CONSTANT_CONVERSION = YES;
				CLANG_WARN_DEPRECATED_OBJC_IMPLEMENTATIONS = YES;
				CLANG_WARN_DIRECT_OBJC_ISA_USAGE = YES_ERROR;
				CLANG_WARN_DOCUMENTATION_COMMENTS = YES;
				CLANG_WARN_EMPTY_BODY = YES;
				CLANG_WARN_ENUM_CONVERSION = YES;
				CLANG_WARN_INFINITE_RECURSION = YES;
				CLANG_WARN_INT_CONVERSION = YES;
				CLANG_WARN_NON_LITERAL_NULL_CONVERSION = YES;
				CLANG_WARN_OBJC_IMPLICIT_RETAIN_SELF = YES;
				CLANG_WARN_OBJC_LITERAL_CONVERSION = YES;
				CLANG_WARN_OBJC_ROOT_CLASS = YES_ERROR;
				CLANG_WARN_RANGE_LOOP_ANALYSIS = YES;
				CLANG_WARN_STRICT_PROTOTYPES = YES;
				CLANG_WARN_SUSPICIOUS_MOVE = YES;
				CLANG_WARN_UNGUARDED_AVAILABILITY = YES_AGGRESSIVE;
				CLANG_WARN_UNREACHABLE_CODE = YES;
				CLANG_WARN__DUPLICATE_METHOD_MATCH = YES;
				COPY_PHASE_STRIP = NO;
				DEBUG_INFORMATION_FORMAT = "dwarf-with-dsym";
				ENABLE_NS_ASSERTIONS = NO;
				ENABLE_STRICT_OBJC_MSGSEND = YES;
				GCC_C_LANGUAGE_STANDARD = gnu11;
				GCC_NO_COMMON_BLOCKS = YES;
				GCC_WARN_64_TO_32_BIT_CONVERSION = YES;
				GCC_WARN_ABOUT_RETURN_TYPE = YES_ERROR;
				GCC_WARN_UNDECLARED_SELECTOR = YES;
				GCC_WARN_UNINITIALIZED_AUTOS = YES_AGGRESSIVE;
				GCC_WARN_UNUSED_FUNCTION = YES;
				GCC_WARN_UNUSED_VARIABLE = YES;
				PRODUCT_NAME = "$(TARGET_NAME)";
				SDKROOT = iphoneos;
				SWIFT_COMPILATION_MODE = wholemodule;
				SWIFT_VERSION = 5.0;
				VALIDATE_PRODUCT = YES;
			};
			name = Release;
		};
		62F94DF14195C61C57C6CE07 /* Release */ = {
			isa = XCBuildConfiguration;
			baseConfigurationReference = D221A02DC8202510CE66D3F8 /* Pods-StayHomeTests.release.xcconfig */;
			buildSettings = {
				BUNDLE_LOADER = "$(TEST_HOST)";
				INFOPLIST_FILE = StayHomeTests/Info.plist;
				IPHONEOS_DEPLOYMENT_TARGET = 13.0;
				LD_RUNPATH_SEARCH_PATHS = (
					"$(inherited)",
					"@executable_path/Frameworks",
					"@loader_path/Frameworks",
				);
				PRODUCT_BUNDLE_IDENTIFIER = kr.co.gunter.StayHomeTests;
				SDKROOT = iphoneos;
				TARGETED_DEVICE_FAMILY = "1,2";
				TEST_HOST = "$(BUILT_PRODUCTS_DIR)/StayHome.app/StayHome";
			};
			name = Release;
		};
		7F6AB49917626F8F11B9BC8B /* Debug */ = {
			isa = XCBuildConfiguration;
			buildSettings = {
				ALWAYS_SEARCH_USER_PATHS = NO;
				CLANG_ANALYZER_NONNULL = YES;
				CLANG_ANALYZER_NUMBER_OBJECT_CONVERSION = YES_AGGRESSIVE;
				CLANG_CXX_LANGUAGE_STANDARD = "gnu++14";
				CLANG_CXX_LIBRARY = "libc++";
				CLANG_ENABLE_MODULES = YES;
				CLANG_ENABLE_OBJC_ARC = YES;
				CLANG_WARN_BLOCK_CAPTURE_AUTORELEASING = YES;
				CLANG_WARN_BOOL_CONVERSION = YES;
				CLANG_WARN_COMMA = YES;
				CLANG_WARN_CONSTANT_CONVERSION = YES;
				CLANG_WARN_DEPRECATED_OBJC_IMPLEMENTATIONS = YES;
				CLANG_WARN_DIRECT_OBJC_ISA_USAGE = YES_ERROR;
				CLANG_WARN_DOCUMENTATION_COMMENTS = YES;
				CLANG_WARN_EMPTY_BODY = YES;
				CLANG_WARN_ENUM_CONVERSION = YES;
				CLANG_WARN_INFINITE_RECURSION = YES;
				CLANG_WARN_INT_CONVERSION = YES;
				CLANG_WARN_NON_LITERAL_NULL_CONVERSION = YES;
				CLANG_WARN_OBJC_IMPLICIT_RETAIN_SELF = YES;
				CLANG_WARN_OBJC_LITERAL_CONVERSION = YES;
				CLANG_WARN_OBJC_ROOT_CLASS = YES_ERROR;
				CLANG_WARN_RANGE_LOOP_ANALYSIS = YES;
				CLANG_WARN_STRICT_PROTOTYPES = YES;
				CLANG_WARN_SUSPICIOUS_MOVE = YES;
				CLANG_WARN_UNGUARDED_AVAILABILITY = YES_AGGRESSIVE;
				CLANG_WARN_UNREACHABLE_CODE = YES;
				CLANG_WARN__DUPLICATE_METHOD_MATCH = YES;
				COPY_PHASE_STRIP = NO;
				DEBUG_INFORMATION_FORMAT = dwarf;
				ENABLE_STRICT_OBJC_MSGSEND = YES;
				ENABLE_TESTABILITY = YES;
				GCC_C_LANGUAGE_STANDARD = gnu11;
				GCC_DYNAMIC_NO_PIC = NO;
				GCC_NO_COMMON_BLOCKS = YES;
				GCC_OPTIMIZATION_LEVEL = 0;
				GCC_PREPROCESSOR_DEFINITIONS = (
					"$(inherited)",
					"DEBUG=1",
				);
				GCC_WARN_64_TO_32_BIT_CONVERSION = YES;
				GCC_WARN_ABOUT_RETURN_TYPE = YES_ERROR;
				GCC_WARN_UNDECLARED_SELECTOR = YES;
				GCC_WARN_UNINITIALIZED_AUTOS = YES_AGGRESSIVE;
				GCC_WARN_UNUSED_FUNCTION = YES;
				GCC_WARN_UNUSED_VARIABLE = YES;
				MTL_ENABLE_DEBUG_INFO = YES;
				ONLY_ACTIVE_ARCH = YES;
				PRODUCT_NAME = "$(TARGET_NAME)";
				SDKROOT = iphoneos;
				SWIFT_ACTIVE_COMPILATION_CONDITIONS = DEBUG;
				SWIFT_OPTIMIZATION_LEVEL = "-Onone";
				SWIFT_VERSION = 5.0;
			};
			name = Debug;
		};
		95174271E946532755EAE049 /* Debug */ = {
			isa = XCBuildConfiguration;
			baseConfigurationReference = 9F06835A966E824526977E7A /* Pods-StayHomeTests.debug.xcconfig */;
			buildSettings = {
				BUNDLE_LOADER = "$(TEST_HOST)";
				INFOPLIST_FILE = StayHomeTests/Info.plist;
				IPHONEOS_DEPLOYMENT_TARGET = 13.0;
				LD_RUNPATH_SEARCH_PATHS = (
					"$(inherited)",
					"@executable_path/Frameworks",
					"@loader_path/Frameworks",
				);
				PRODUCT_BUNDLE_IDENTIFIER = kr.co.gunter.StayHomeTests;
				SDKROOT = iphoneos;
				TARGETED_DEVICE_FAMILY = "1,2";
				TEST_HOST = "$(BUILT_PRODUCTS_DIR)/StayHome.app/StayHome";
			};
			name = Debug;
		};
		C4809E90BF894CE53D3F1CC9 /* Release */ = {
			isa = XCBuildConfiguration;
			baseConfigurationReference = 6F627AFD921F3898315632E1 /* Pods-StayHome.release.xcconfig */;
			buildSettings = {
				ASSETCATALOG_COMPILER_APPICON_NAME = AppIcon;
				CODE_SIGN_IDENTITY = "iPhone Developer";
				INFOPLIST_FILE = "StayHome/Supporting Files/Info.plist";
				IPHONEOS_DEPLOYMENT_TARGET = 13.0;
				LD_RUNPATH_SEARCH_PATHS = (
					"$(inherited)",
					"@executable_path/Frameworks",
				);
				OTHER_LDFLAGS = (
					"$(inherited)",
					"-all_load",
				);
				PRODUCT_BUNDLE_IDENTIFIER = kr.co.gunter.StayHome;
				SDKROOT = iphoneos;
				TARGETED_DEVICE_FAMILY = "1,2";
			};
			name = Release;
		};
/* End XCBuildConfiguration section */

/* Begin XCConfigurationList section */
		27F00F0FAE306655ADA74453 /* Build configuration list for PBXNativeTarget "StayHome" */ = {
			isa = XCConfigurationList;
			buildConfigurations = (
				04928E2EE56DF27DED8A234E /* Debug */,
				C4809E90BF894CE53D3F1CC9 /* Release */,
			);
			defaultConfigurationIsVisible = 0;
			defaultConfigurationName = Debug;
		};
		869F4213543AF01FBDC4A689 /* Build configuration list for PBXNativeTarget "StayHomeTests" */ = {
			isa = XCConfigurationList;
			buildConfigurations = (
				95174271E946532755EAE049 /* Debug */,
				62F94DF14195C61C57C6CE07 /* Release */,
			);
			defaultConfigurationIsVisible = 0;
			defaultConfigurationName = Debug;
		};
		E060562C18BD153985600CD3 /* Build configuration list for PBXProject "StayHome" */ = {
			isa = XCConfigurationList;
			buildConfigurations = (
				7F6AB49917626F8F11B9BC8B /* Debug */,
				2EDA5E5A4A5FE71DF4A6BF05 /* Release */,
			);
			defaultConfigurationIsVisible = 0;
			defaultConfigurationName = Debug;
		};
/* End XCConfigurationList section */
	};
	rootObject = 174BD2141F861522C295CDB7 /* Project object */;
}
