// !$*UTF8*$!
{
	archiveVersion = 1;
	classes = {
	};
	objectVersion = 50;
	objects = {

/* Begin PBXBuildFile section */
		5B991341250C8B41003B7AF0 /* AppDelegate.swift in Sources */ = {isa = PBXBuildFile; fileRef = 5B991340250C8B41003B7AF0 /* AppDelegate.swift */; };
		5B991343250C8B41003B7AF0 /* SceneDelegate.swift in Sources */ = {isa = PBXBuildFile; fileRef = 5B991342250C8B41003B7AF0 /* SceneDelegate.swift */; };
		5B991345250C8B41003B7AF0 /* ViewController.swift in Sources */ = {isa = PBXBuildFile; fileRef = 5B991344250C8B41003B7AF0 /* ViewController.swift */; };
		5B991348250C8B41003B7AF0 /* Main.storyboard in Resources */ = {isa = PBXBuildFile; fileRef = 5B991346250C8B41003B7AF0 /* Main.storyboard */; };
		5B99134A250C8B43003B7AF0 /* Assets.xcassets in Resources */ = {isa = PBXBuildFile; fileRef = 5B991349250C8B43003B7AF0 /* Assets.xcassets */; };
		5B99134D250C8B43003B7AF0 /* LaunchScreen.storyboard in Resources */ = {isa = PBXBuildFile; fileRef = 5B99134B250C8B43003B7AF0 /* LaunchScreen.storyboard */; };
		5B991358250C8B43003B7AF0 /* StayHomeTests.swift in Sources */ = {isa = PBXBuildFile; fileRef = 5B991357250C8B43003B7AF0 /* StayHomeTests.swift */; };
/* End PBXBuildFile section */

/* Begin PBXContainerItemProxy section */
		5B991354250C8B43003B7AF0 /* PBXContainerItemProxy */ = {
			isa = PBXContainerItemProxy;
			containerPortal = 5B991335250C8B41003B7AF0 /* Project object */;
			proxyType = 1;
			remoteGlobalIDString = 5B99133C250C8B41003B7AF0;
			remoteInfo = StayHome;
		};
/* End PBXContainerItemProxy section */

/* Begin PBXFileReference section */
		5B99133D250C8B41003B7AF0 /* StayHome.app */ = {isa = PBXFileReference; explicitFileType = wrapper.application; includeInIndex = 0; path = StayHome.app; sourceTree = BUILT_PRODUCTS_DIR; };
		5B991340250C8B41003B7AF0 /* AppDelegate.swift */ = {isa = PBXFileReference; lastKnownFileType = sourcecode.swift; path = AppDelegate.swift; sourceTree = "<group>"; };
		5B991342250C8B41003B7AF0 /* SceneDelegate.swift */ = {isa = PBXFileReference; lastKnownFileType = sourcecode.swift; path = SceneDelegate.swift; sourceTree = "<group>"; };
		5B991344250C8B41003B7AF0 /* ViewController.swift */ = {isa = PBXFileReference; lastKnownFileType = sourcecode.swift; path = ViewController.swift; sourceTree = "<group>"; };
		5B991347250C8B41003B7AF0 /* Base */ = {isa = PBXFileReference; lastKnownFileType = file.storyboard; name = Base; path = Base.lproj/Main.storyboard; sourceTree = "<group>"; };
		5B991349250C8B43003B7AF0 /* Assets.xcassets */ = {isa = PBXFileReference; lastKnownFileType = folder.assetcatalog; path = Assets.xcassets; sourceTree = "<group>"; };
		5B99134C250C8B43003B7AF0 /* Base */ = {isa = PBXFileReference; lastKnownFileType = file.storyboard; name = Base; path = Base.lproj/LaunchScreen.storyboard; sourceTree = "<group>"; };
		5B99134E250C8B43003B7AF0 /* Info.plist */ = {isa = PBXFileReference; lastKnownFileType = text.plist.xml; path = Info.plist; sourceTree = "<group>"; };
		5B991353250C8B43003B7AF0 /* StayHomeTests.xctest */ = {isa = PBXFileReference; explicitFileType = wrapper.cfbundle; includeInIndex = 0; path = StayHomeTests.xctest; sourceTree = BUILT_PRODUCTS_DIR; };
		5B991357250C8B43003B7AF0 /* StayHomeTests.swift */ = {isa = PBXFileReference; lastKnownFileType = sourcecode.swift; path = StayHomeTests.swift; sourceTree = "<group>"; };
		5B991359250C8B43003B7AF0 /* Info.plist */ = {isa = PBXFileReference; lastKnownFileType = text.plist.xml; path = Info.plist; sourceTree = "<group>"; };
/* End PBXFileReference section */

/* Begin PBXFrameworksBuildPhase section */
		5B99133A250C8B41003B7AF0 /* Frameworks */ = {
			isa = PBXFrameworksBuildPhase;
			buildActionMask = 2147483647;
			files = (
			);
			runOnlyForDeploymentPostprocessing = 0;
		};
		5B991350250C8B43003B7AF0 /* Frameworks */ = {
			isa = PBXFrameworksBuildPhase;
			buildActionMask = 2147483647;
			files = (
			);
			runOnlyForDeploymentPostprocessing = 0;
		};
/* End PBXFrameworksBuildPhase section */

/* Begin PBXGroup section */
		5B991334250C8B41003B7AF0 = {
			isa = PBXGroup;
			children = (
				5B99133F250C8B41003B7AF0 /* StayHome */,
				5B991356250C8B43003B7AF0 /* StayHomeTests */,
				5B99133E250C8B41003B7AF0 /* Products */,
			);
			sourceTree = "<group>";
		};
		5B99133E250C8B41003B7AF0 /* Products */ = {
			isa = PBXGroup;
			children = (
				5B99133D250C8B41003B7AF0 /* StayHome.app */,
				5B991353250C8B43003B7AF0 /* StayHomeTests.xctest */,
			);
			name = Products;
			sourceTree = "<group>";
		};
		5B99133F250C8B41003B7AF0 /* StayHome */ = {
			isa = PBXGroup;
			children = (
				5B991340250C8B41003B7AF0 /* AppDelegate.swift */,
				5B991342250C8B41003B7AF0 /* SceneDelegate.swift */,
				5B991344250C8B41003B7AF0 /* ViewController.swift */,
				5B991346250C8B41003B7AF0 /* Main.storyboard */,
				5B991349250C8B43003B7AF0 /* Assets.xcassets */,
				5B99134B250C8B43003B7AF0 /* LaunchScreen.storyboard */,
				5B99134E250C8B43003B7AF0 /* Info.plist */,
			);
			path = StayHome;
			sourceTree = "<group>";
		};
		5B991356250C8B43003B7AF0 /* StayHomeTests */ = {
			isa = PBXGroup;
			children = (
				5B991357250C8B43003B7AF0 /* StayHomeTests.swift */,
				5B991359250C8B43003B7AF0 /* Info.plist */,
			);
			path = StayHomeTests;
			sourceTree = "<group>";
		};
/* End PBXGroup section */

/* Begin PBXNativeTarget section */
		5B99133C250C8B41003B7AF0 /* StayHome */ = {
			isa = PBXNativeTarget;
			buildConfigurationList = 5B99135C250C8B43003B7AF0 /* Build configuration list for PBXNativeTarget "StayHome" */;
			buildPhases = (
				5B991339250C8B41003B7AF0 /* Sources */,
				5B99133A250C8B41003B7AF0 /* Frameworks */,
				5B99133B250C8B41003B7AF0 /* Resources */,
			);
			buildRules = (
			);
			dependencies = (
			);
			name = StayHome;
			productName = StayHome;
			productReference = 5B99133D250C8B41003B7AF0 /* StayHome.app */;
			productType = "com.apple.product-type.application";
		};
		5B991352250C8B43003B7AF0 /* StayHomeTests */ = {
			isa = PBXNativeTarget;
			buildConfigurationList = 5B99135F250C8B43003B7AF0 /* Build configuration list for PBXNativeTarget "StayHomeTests" */;
			buildPhases = (
				5B99134F250C8B43003B7AF0 /* Sources */,
				5B991350250C8B43003B7AF0 /* Frameworks */,
				5B991351250C8B43003B7AF0 /* Resources */,
			);
			buildRules = (
			);
			dependencies = (
				5B991355250C8B43003B7AF0 /* PBXTargetDependency */,
			);
			name = StayHomeTests;
			productName = StayHomeTests;
			productReference = 5B991353250C8B43003B7AF0 /* StayHomeTests.xctest */;
			productType = "com.apple.product-type.bundle.unit-test";
		};
/* End PBXNativeTarget section */

/* Begin PBXProject section */
		5B991335250C8B41003B7AF0 /* Project object */ = {
			isa = PBXProject;
			attributes = {
				LastSwiftUpdateCheck = 1160;
				LastUpgradeCheck = 1160;
				ORGANIZATIONNAME = Gunter;
				TargetAttributes = {
					5B99133C250C8B41003B7AF0 = {
						CreatedOnToolsVersion = 11.6;
					};
					5B991352250C8B43003B7AF0 = {
						CreatedOnToolsVersion = 11.6;
						TestTargetID = 5B99133C250C8B41003B7AF0;
					};
				};
			};
			buildConfigurationList = 5B991338250C8B41003B7AF0 /* Build configuration list for PBXProject "StayHome" */;
			compatibilityVersion = "Xcode 9.3";
			developmentRegion = en;
			hasScannedForEncodings = 0;
			knownRegions = (
				en,
				Base,
			);
			mainGroup = 5B991334250C8B41003B7AF0;
			productRefGroup = 5B99133E250C8B41003B7AF0 /* Products */;
			projectDirPath = "";
			projectRoot = "";
			targets = (
				5B99133C250C8B41003B7AF0 /* StayHome */,
				5B991352250C8B43003B7AF0 /* StayHomeTests */,
			);
		};
/* End PBXProject section */

/* Begin PBXResourcesBuildPhase section */
		5B99133B250C8B41003B7AF0 /* Resources */ = {
			isa = PBXResourcesBuildPhase;
			buildActionMask = 2147483647;
			files = (
				5B99134D250C8B43003B7AF0 /* LaunchScreen.storyboard in Resources */,
				5B99134A250C8B43003B7AF0 /* Assets.xcassets in Resources */,
				5B991348250C8B41003B7AF0 /* Main.storyboard in Resources */,
			);
			runOnlyForDeploymentPostprocessing = 0;
		};
		5B991351250C8B43003B7AF0 /* Resources */ = {
			isa = PBXResourcesBuildPhase;
			buildActionMask = 2147483647;
			files = (
			);
			runOnlyForDeploymentPostprocessing = 0;
		};
/* End PBXResourcesBuildPhase section */

/* Begin PBXSourcesBuildPhase section */
		5B991339250C8B41003B7AF0 /* Sources */ = {
			isa = PBXSourcesBuildPhase;
			buildActionMask = 2147483647;
			files = (
				5B991345250C8B41003B7AF0 /* ViewController.swift in Sources */,
				5B991341250C8B41003B7AF0 /* AppDelegate.swift in Sources */,
				5B991343250C8B41003B7AF0 /* SceneDelegate.swift in Sources */,
			);
			runOnlyForDeploymentPostprocessing = 0;
		};
		5B99134F250C8B43003B7AF0 /* Sources */ = {
			isa = PBXSourcesBuildPhase;
			buildActionMask = 2147483647;
			files = (
				5B991358250C8B43003B7AF0 /* StayHomeTests.swift in Sources */,
			);
			runOnlyForDeploymentPostprocessing = 0;
		};
/* End PBXSourcesBuildPhase section */

/* Begin PBXTargetDependency section */
		5B991355250C8B43003B7AF0 /* PBXTargetDependency */ = {
			isa = PBXTargetDependency;
			target = 5B99133C250C8B41003B7AF0 /* StayHome */;
			targetProxy = 5B991354250C8B43003B7AF0 /* PBXContainerItemProxy */;
		};
/* End PBXTargetDependency section */

/* Begin PBXVariantGroup section */
		5B991346250C8B41003B7AF0 /* Main.storyboard */ = {
			isa = PBXVariantGroup;
			children = (
				5B991347250C8B41003B7AF0 /* Base */,
			);
			name = Main.storyboard;
			sourceTree = "<group>";
		};
		5B99134B250C8B43003B7AF0 /* LaunchScreen.storyboard */ = {
			isa = PBXVariantGroup;
			children = (
				5B99134C250C8B43003B7AF0 /* Base */,
			);
			name = LaunchScreen.storyboard;
			sourceTree = "<group>";
		};
/* End PBXVariantGroup section */

/* Begin XCBuildConfiguration section */
		5B99135A250C8B43003B7AF0 /* Debug */ = {
			isa = XCBuildConfiguration;
			buildSettings = {
				ALWAYS_SEARCH_USER_PATHS = NO;
				CLANG_ANALYZER_NONNULL = YES;
				CLANG_ANALYZER_NUMBER_OBJECT_CONVERSION = YES_AGGRESSIVE;
				CLANG_CXX_LANGUAGE_STANDARD = "gnu++14";
				CLANG_CXX_LIBRARY = "libc++";
				CLANG_ENABLE_MODULES = YES;
				CLANG_ENABLE_OBJC_ARC = YES;
				CLANG_ENABLE_OBJC_WEAK = YES;
				CLANG_WARN_BLOCK_CAPTURE_AUTORELEASING = YES;
				CLANG_WARN_BOOL_CONVERSION = YES;
				CLANG_WARN_COMMA = YES;
				CLANG_WARN_CONSTANT_CONVERSION = YES;
				CLANG_WARN_DEPRECATED_OBJC_IMPLEMENTATIONS = YES;
				CLANG_WARN_DIRECT_OBJC_ISA_USAGE = YES_ERROR;
				CLANG_WARN_DOCUMENTATION_COMMENTS = YES;
				CLANG_WARN_EMPTY_BODY = YES;
				CLANG_WARN_ENUM_CONVERSION = YES;
				CLANG_WARN_INFINITE_RECURSION = YES;
				CLANG_WARN_INT_CONVERSION = YES;
				CLANG_WARN_NON_LITERAL_NULL_CONVERSION = YES;
				CLANG_WARN_OBJC_IMPLICIT_RETAIN_SELF = YES;
				CLANG_WARN_OBJC_LITERAL_CONVERSION = YES;
				CLANG_WARN_OBJC_ROOT_CLASS = YES_ERROR;
				CLANG_WARN_RANGE_LOOP_ANALYSIS = YES;
				CLANG_WARN_STRICT_PROTOTYPES = YES;
				CLANG_WARN_SUSPICIOUS_MOVE = YES;
				CLANG_WARN_UNGUARDED_AVAILABILITY = YES_AGGRESSIVE;
				CLANG_WARN_UNREACHABLE_CODE = YES;
				CLANG_WARN__DUPLICATE_METHOD_MATCH = YES;
				COPY_PHASE_STRIP = NO;
				DEBUG_INFORMATION_FORMAT = dwarf;
				ENABLE_STRICT_OBJC_MSGSEND = YES;
				ENABLE_TESTABILITY = YES;
				GCC_C_LANGUAGE_STANDARD = gnu11;
				GCC_DYNAMIC_NO_PIC = NO;
				GCC_NO_COMMON_BLOCKS = YES;
				GCC_OPTIMIZATION_LEVEL = 0;
				GCC_PREPROCESSOR_DEFINITIONS = (
					"DEBUG=1",
					"$(inherited)",
				);
				GCC_WARN_64_TO_32_BIT_CONVERSION = YES;
				GCC_WARN_ABOUT_RETURN_TYPE = YES_ERROR;
				GCC_WARN_UNDECLARED_SELECTOR = YES;
				GCC_WARN_UNINITIALIZED_AUTOS = YES_AGGRESSIVE;
				GCC_WARN_UNUSED_FUNCTION = YES;
				GCC_WARN_UNUSED_VARIABLE = YES;
				IPHONEOS_DEPLOYMENT_TARGET = 13.6;
				MTL_ENABLE_DEBUG_INFO = INCLUDE_SOURCE;
				MTL_FAST_MATH = YES;
				ONLY_ACTIVE_ARCH = YES;
				SDKROOT = iphoneos;
				SWIFT_ACTIVE_COMPILATION_CONDITIONS = DEBUG;
				SWIFT_OPTIMIZATION_LEVEL = "-Onone";
			};
			name = Debug;
		};
		5B99135B250C8B43003B7AF0 /* Release */ = {
			isa = XCBuildConfiguration;
			buildSettings = {
				ALWAYS_SEARCH_USER_PATHS = NO;
				CLANG_ANALYZER_NONNULL = YES;
				CLANG_ANALYZER_NUMBER_OBJECT_CONVERSION = YES_AGGRESSIVE;
				CLANG_CXX_LANGUAGE_STANDARD = "gnu++14";
				CLANG_CXX_LIBRARY = "libc++";
				CLANG_ENABLE_MODULES = YES;
				CLANG_ENABLE_OBJC_ARC = YES;
				CLANG_ENABLE_OBJC_WEAK = YES;
				CLANG_WARN_BLOCK_CAPTURE_AUTORELEASING = YES;
				CLANG_WARN_BOOL_CONVERSION = YES;
				CLANG_WARN_COMMA = YES;
				CLANG_WARN_CONSTANT_CONVERSION = YES;
				CLANG_WARN_DEPRECATED_OBJC_IMPLEMENTATIONS = YES;
				CLANG_WARN_DIRECT_OBJC_ISA_USAGE = YES_ERROR;
				CLANG_WARN_DOCUMENTATION_COMMENTS = YES;
				CLANG_WARN_EMPTY_BODY = YES;
				CLANG_WARN_ENUM_CONVERSION = YES;
				CLANG_WARN_INFINITE_RECURSION = YES;
				CLANG_WARN_INT_CONVERSION = YES;
				CLANG_WARN_NON_LITERAL_NULL_CONVERSION = YES;
				CLANG_WARN_OBJC_IMPLICIT_RETAIN_SELF = YES;
				CLANG_WARN_OBJC_LITERAL_CONVERSION = YES;
				CLANG_WARN_OBJC_ROOT_CLASS = YES_ERROR;
				CLANG_WARN_RANGE_LOOP_ANALYSIS = YES;
				CLANG_WARN_STRICT_PROTOTYPES = YES;
				CLANG_WARN_SUSPICIOUS_MOVE = YES;
				CLANG_WARN_UNGUARDED_AVAILABILITY = YES_AGGRESSIVE;
				CLANG_WARN_UNREACHABLE_CODE = YES;
				CLANG_WARN__DUPLICATE_METHOD_MATCH = YES;
				COPY_PHASE_STRIP = NO;
				DEBUG_INFORMATION_FORMAT = "dwarf-with-dsym";
				ENABLE_NS_ASSERTIONS = NO;
				ENABLE_STRICT_OBJC_MSGSEND = YES;
				GCC_C_LANGUAGE_STANDARD = gnu11;
				GCC_NO_COMMON_BLOCKS = YES;
				GCC_WARN_64_TO_32_BIT_CONVERSION = YES;
				GCC_WARN_ABOUT_RETURN_TYPE = YES_ERROR;
				GCC_WARN_UNDECLARED_SELECTOR = YES;
				GCC_WARN_UNINITIALIZED_AUTOS = YES_AGGRESSIVE;
				GCC_WARN_UNUSED_FUNCTION = YES;
				GCC_WARN_UNUSED_VARIABLE = YES;
				IPHONEOS_DEPLOYMENT_TARGET = 13.6;
				MTL_ENABLE_DEBUG_INFO = NO;
				MTL_FAST_MATH = YES;
				SDKROOT = iphoneos;
				SWIFT_COMPILATION_MODE = wholemodule;
				SWIFT_OPTIMIZATION_LEVEL = "-O";
				VALIDATE_PRODUCT = YES;
			};
			name = Release;
		};
		5B99135D250C8B43003B7AF0 /* Debug */ = {
			isa = XCBuildConfiguration;
			buildSettings = {
				ASSETCATALOG_COMPILER_APPICON_NAME = AppIcon;
				CODE_SIGN_STYLE = Automatic;
				DEVELOPMENT_TEAM = VP4B82579F;
				INFOPLIST_FILE = StayHome/Info.plist;
				LD_RUNPATH_SEARCH_PATHS = (
					"$(inherited)",
					"@executable_path/Frameworks",
				);
				PRODUCT_BUNDLE_IDENTIFIER = kr.co.gunter.StayHome;
				PRODUCT_NAME = "$(TARGET_NAME)";
				SWIFT_VERSION = 5.0;
				TARGETED_DEVICE_FAMILY = "1,2";
			};
			name = Debug;
		};
		5B99135E250C8B43003B7AF0 /* Release */ = {
			isa = XCBuildConfiguration;
			buildSettings = {
				ASSETCATALOG_COMPILER_APPICON_NAME = AppIcon;
				CODE_SIGN_STYLE = Automatic;
				DEVELOPMENT_TEAM = VP4B82579F;
				INFOPLIST_FILE = StayHome/Info.plist;
				LD_RUNPATH_SEARCH_PATHS = (
					"$(inherited)",
					"@executable_path/Frameworks",
				);
				PRODUCT_BUNDLE_IDENTIFIER = kr.co.gunter.StayHome;
				PRODUCT_NAME = "$(TARGET_NAME)";
				SWIFT_VERSION = 5.0;
				TARGETED_DEVICE_FAMILY = "1,2";
			};
			name = Release;
		};
		5B991360250C8B43003B7AF0 /* Debug */ = {
			isa = XCBuildConfiguration;
			buildSettings = {
				ALWAYS_EMBED_SWIFT_STANDARD_LIBRARIES = YES;
				BUNDLE_LOADER = "$(TEST_HOST)";
				CODE_SIGN_STYLE = Automatic;
				DEVELOPMENT_TEAM = VP4B82579F;
				INFOPLIST_FILE = StayHomeTests/Info.plist;
				IPHONEOS_DEPLOYMENT_TARGET = 13.6;
				LD_RUNPATH_SEARCH_PATHS = (
					"$(inherited)",
					"@executable_path/Frameworks",
					"@loader_path/Frameworks",
				);
				PRODUCT_BUNDLE_IDENTIFIER = kr.co.gunter.StayHomeTests;
				PRODUCT_NAME = "$(TARGET_NAME)";
				SWIFT_VERSION = 5.0;
				TARGETED_DEVICE_FAMILY = "1,2";
				TEST_HOST = "$(BUILT_PRODUCTS_DIR)/StayHome.app/StayHome";
			};
			name = Debug;
		};
		5B991361250C8B43003B7AF0 /* Release */ = {
			isa = XCBuildConfiguration;
			buildSettings = {
				ALWAYS_EMBED_SWIFT_STANDARD_LIBRARIES = YES;
				BUNDLE_LOADER = "$(TEST_HOST)";
				CODE_SIGN_STYLE = Automatic;
				DEVELOPMENT_TEAM = VP4B82579F;
				INFOPLIST_FILE = StayHomeTests/Info.plist;
				IPHONEOS_DEPLOYMENT_TARGET = 13.6;
				LD_RUNPATH_SEARCH_PATHS = (
					"$(inherited)",
					"@executable_path/Frameworks",
					"@loader_path/Frameworks",
				);
				PRODUCT_BUNDLE_IDENTIFIER = kr.co.gunter.StayHomeTests;
				PRODUCT_NAME = "$(TARGET_NAME)";
				SWIFT_VERSION = 5.0;
				TARGETED_DEVICE_FAMILY = "1,2";
				TEST_HOST = "$(BUILT_PRODUCTS_DIR)/StayHome.app/StayHome";
			};
			name = Release;
		};
/* End XCBuildConfiguration section */

/* Begin XCConfigurationList section */
		5B991338250C8B41003B7AF0 /* Build configuration list for PBXProject "StayHome" */ = {
			isa = XCConfigurationList;
			buildConfigurations = (
				5B99135A250C8B43003B7AF0 /* Debug */,
				5B99135B250C8B43003B7AF0 /* Release */,
			);
			defaultConfigurationIsVisible = 0;
			defaultConfigurationName = Release;
		};
		5B99135C250C8B43003B7AF0 /* Build configuration list for PBXNativeTarget "StayHome" */ = {
			isa = XCConfigurationList;
			buildConfigurations = (
				5B99135D250C8B43003B7AF0 /* Debug */,
				5B99135E250C8B43003B7AF0 /* Release */,
			);
			defaultConfigurationIsVisible = 0;
			defaultConfigurationName = Release;
		};
		5B99135F250C8B43003B7AF0 /* Build configuration list for PBXNativeTarget "StayHomeTests" */ = {
			isa = XCConfigurationList;
			buildConfigurations = (
				5B991360250C8B43003B7AF0 /* Debug */,
				5B991361250C8B43003B7AF0 /* Release */,
			);
			defaultConfigurationIsVisible = 0;
			defaultConfigurationName = Release;
		};
/* End XCConfigurationList section */
	};
	rootObject = 5B991335250C8B41003B7AF0 /* Project object */;
}
